// !$*UTF8*$!
{
	archiveVersion = 1;
	classes = {
	};
	objectVersion = 50;
	objects = {

/* Begin PBXBuildFile section */
		0601D2A1213685C0001FEA0B /* WKWebView-Intercept.html in Resources */ = {isa = PBXBuildFile; fileRef = 0601D2A0213685C0001FEA0B /* WKWebView-Intercept.html */; };
		0601D2A421369264001FEA0B /* WKWebViewWKScriptMessageHandlerController.m in Sources */ = {isa = PBXBuildFile; fileRef = 0601D2A321369264001FEA0B /* WKWebViewWKScriptMessageHandlerController.m */; };
		0601D2A7213692B9001FEA0B /* WKWebViewWKUIDelegateController.m in Sources */ = {isa = PBXBuildFile; fileRef = 0601D2A6213692B9001FEA0B /* WKWebViewWKUIDelegateController.m */; };
		0601D2AA21369DBC001FEA0B /* WKWebView-WKScriptMessageHandler.html in Resources */ = {isa = PBXBuildFile; fileRef = 0601D2A821369DBC001FEA0B /* WKWebView-WKScriptMessageHandler.html */; };
		0601D2AB21369DBC001FEA0B /* WKWebView-WKUIDelegate.html in Resources */ = {isa = PBXBuildFile; fileRef = 0601D2A921369DBC001FEA0B /* WKWebView-WKUIDelegate.html */; };
		0618C1F424BC5B64009FA00C /* WKWebViewJavaScriptBridgeController.m in Sources */ = {isa = PBXBuildFile; fileRef = 0618C1F324BC5B64009FA00C /* WKWebViewJavaScriptBridgeController.m */; };
		0618C1FC24BC5CE1009FA00C /* WebViewJavascriptBridgeBase.m in Sources */ = {isa = PBXBuildFile; fileRef = 0618C1F624BC5CE1009FA00C /* WebViewJavascriptBridgeBase.m */; };
		0618C1FD24BC5CE1009FA00C /* WKWebViewJavascriptBridge.m in Sources */ = {isa = PBXBuildFile; fileRef = 0618C1F724BC5CE1009FA00C /* WKWebViewJavascriptBridge.m */; };
		0618C1FE24BC5CE1009FA00C /* WebViewJavascriptBridge_JS.m in Sources */ = {isa = PBXBuildFile; fileRef = 0618C1FA24BC5CE1009FA00C /* WebViewJavascriptBridge_JS.m */; };
		0618C20024BC5DF1009FA00C /* WKWebView-JavascriptBridge.html in Resources */ = {isa = PBXBuildFile; fileRef = 0618C1FF24BC5DF1009FA00C /* WKWebView-JavascriptBridge.html */; };
		0689FAEF2134FD1E0049BFA5 /* UIWebView-Intercept.html in Resources */ = {isa = PBXBuildFile; fileRef = 0689FAEE2134FD1E0049BFA5 /* UIWebView-Intercept.html */; };
		0689FAF32135597C0049BFA5 /* UIWebView-JavaScriptCore.html in Resources */ = {isa = PBXBuildFile; fileRef = 0689FAF22135597C0049BFA5 /* UIWebView-JavaScriptCore.html */; };
		0689FAF9213584550049BFA5 /* UIWebViewJSExportController.m in Sources */ = {isa = PBXBuildFile; fileRef = 0689FAF8213584550049BFA5 /* UIWebViewJSExportController.m */; };
		0689FAFB2135862F0049BFA5 /* UIWebView-JSExport.html in Resources */ = {isa = PBXBuildFile; fileRef = 0689FAFA2135862F0049BFA5 /* UIWebView-JSExport.html */; };
		06B02E952133CB630024177C /* UIWebViewInterceptController.m in Sources */ = {isa = PBXBuildFile; fileRef = 06B02E942133CB630024177C /* UIWebViewInterceptController.m */; };
		06B02E9B2133CBB20024177C /* UIWebViewJavaScriptCoreController.m in Sources */ = {isa = PBXBuildFile; fileRef = 06B02E9A2133CBB20024177C /* UIWebViewJavaScriptCoreController.m */; };
		06B02E9E2133CBC70024177C /* WKWebViewInterceptController.m in Sources */ = {isa = PBXBuildFile; fileRef = 06B02E9D2133CBC70024177C /* WKWebViewInterceptController.m */; };
		06D1701E211EBC4B00220522 /* AppDelegate.m in Sources */ = {isa = PBXBuildFile; fileRef = 06D1701D211EBC4B00220522 /* AppDelegate.m */; };
		06D17021211EBC4B00220522 /* ViewController.m in Sources */ = {isa = PBXBuildFile; fileRef = 06D17020211EBC4B00220522 /* ViewController.m */; };
		06D17026211EBC4D00220522 /* Assets.xcassets in Resources */ = {isa = PBXBuildFile; fileRef = 06D17025211EBC4D00220522 /* Assets.xcassets */; };
		06D1702C211EBC4D00220522 /* main.m in Sources */ = {isa = PBXBuildFile; fileRef = 06D1702B211EBC4D00220522 /* main.m */; };
/* End PBXBuildFile section */

/* Begin PBXFileReference section */
		0601D2A0213685C0001FEA0B /* WKWebView-Intercept.html */ = {isa = PBXFileReference; fileEncoding = 4; lastKnownFileType = text.html; path = "WKWebView-Intercept.html"; sourceTree = "<group>"; };
		0601D2A221369264001FEA0B /* WKWebViewWKScriptMessageHandlerController.h */ = {isa = PBXFileReference; lastKnownFileType = sourcecode.c.h; path = WKWebViewWKScriptMessageHandlerController.h; sourceTree = "<group>"; };
		0601D2A321369264001FEA0B /* WKWebViewWKScriptMessageHandlerController.m */ = {isa = PBXFileReference; lastKnownFileType = sourcecode.c.objc; path = WKWebViewWKScriptMessageHandlerController.m; sourceTree = "<group>"; };
		0601D2A5213692B9001FEA0B /* WKWebViewWKUIDelegateController.h */ = {isa = PBXFileReference; lastKnownFileType = sourcecode.c.h; path = WKWebViewWKUIDelegateController.h; sourceTree = "<group>"; };
		0601D2A6213692B9001FEA0B /* WKWebViewWKUIDelegateController.m */ = {isa = PBXFileReference; lastKnownFileType = sourcecode.c.objc; path = WKWebViewWKUIDelegateController.m; sourceTree = "<group>"; };
		0601D2A821369DBC001FEA0B /* WKWebView-WKScriptMessageHandler.html */ = {isa = PBXFileReference; fileEncoding = 4; lastKnownFileType = text.html; path = "WKWebView-WKScriptMessageHandler.html"; sourceTree = "<group>"; };
		0601D2A921369DBC001FEA0B /* WKWebView-WKUIDelegate.html */ = {isa = PBXFileReference; fileEncoding = 4; lastKnownFileType = text.html; path = "WKWebView-WKUIDelegate.html"; sourceTree = "<group>"; };
		0618C1F224BC5B64009FA00C /* WKWebViewJavaScriptBridgeController.h */ = {isa = PBXFileReference; lastKnownFileType = sourcecode.c.h; path = WKWebViewJavaScriptBridgeController.h; sourceTree = "<group>"; };
		0618C1F324BC5B64009FA00C /* WKWebViewJavaScriptBridgeController.m */ = {isa = PBXFileReference; lastKnownFileType = sourcecode.c.objc; path = WKWebViewJavaScriptBridgeController.m; sourceTree = "<group>"; };
		0618C1F624BC5CE1009FA00C /* WebViewJavascriptBridgeBase.m */ = {isa = PBXFileReference; fileEncoding = 4; lastKnownFileType = sourcecode.c.objc; path = WebViewJavascriptBridgeBase.m; sourceTree = "<group>"; };
		0618C1F724BC5CE1009FA00C /* WKWebViewJavascriptBridge.m */ = {isa = PBXFileReference; fileEncoding = 4; lastKnownFileType = sourcecode.c.objc; path = WKWebViewJavascriptBridge.m; sourceTree = "<group>"; };
		0618C1F824BC5CE1009FA00C /* WebViewJavascriptBridge_JS.h */ = {isa = PBXFileReference; fileEncoding = 4; lastKnownFileType = sourcecode.c.h; path = WebViewJavascriptBridge_JS.h; sourceTree = "<group>"; };
		0618C1F924BC5CE1009FA00C /* WebViewJavascriptBridgeBase.h */ = {isa = PBXFileReference; fileEncoding = 4; lastKnownFileType = sourcecode.c.h; path = WebViewJavascriptBridgeBase.h; sourceTree = "<group>"; };
		0618C1FA24BC5CE1009FA00C /* WebViewJavascriptBridge_JS.m */ = {isa = PBXFileReference; fileEncoding = 4; lastKnownFileType = sourcecode.c.objc; path = WebViewJavascriptBridge_JS.m; sourceTree = "<group>"; };
		0618C1FB24BC5CE1009FA00C /* WKWebViewJavascriptBridge.h */ = {isa = PBXFileReference; fileEncoding = 4; lastKnownFileType = sourcecode.c.h; path = WKWebViewJavascriptBridge.h; sourceTree = "<group>"; };
		0618C1FF24BC5DF1009FA00C /* WKWebView-JavascriptBridge.html */ = {isa = PBXFileReference; fileEncoding = 4; lastKnownFileType = text.html; path = "WKWebView-JavascriptBridge.html"; sourceTree = "<group>"; };
		0689FAEE2134FD1E0049BFA5 /* UIWebView-Intercept.html */ = {isa = PBXFileReference; fileEncoding = 4; lastKnownFileType = text.html; path = "UIWebView-Intercept.html"; sourceTree = "<group>"; };
		0689FAF22135597C0049BFA5 /* UIWebView-JavaScriptCore.html */ = {isa = PBXFileReference; fileEncoding = 4; lastKnownFileType = text.html; path = "UIWebView-JavaScriptCore.html"; sourceTree = "<group>"; };
		0689FAF7213584550049BFA5 /* UIWebViewJSExportController.h */ = {isa = PBXFileReference; lastKnownFileType = sourcecode.c.h; path = UIWebViewJSExportController.h; sourceTree = "<group>"; };
		0689FAF8213584550049BFA5 /* UIWebViewJSExportController.m */ = {isa = PBXFileReference; lastKnownFileType = sourcecode.c.objc; path = UIWebViewJSExportController.m; sourceTree = "<group>"; };
		0689FAFA2135862F0049BFA5 /* UIWebView-JSExport.html */ = {isa = PBXFileReference; fileEncoding = 4; lastKnownFileType = text.html; path = "UIWebView-JSExport.html"; sourceTree = "<group>"; };
		06B02E932133CB630024177C /* UIWebViewInterceptController.h */ = {isa = PBXFileReference; lastKnownFileType = sourcecode.c.h; path = UIWebViewInterceptController.h; sourceTree = "<group>"; };
		06B02E942133CB630024177C /* UIWebViewInterceptController.m */ = {isa = PBXFileReference; lastKnownFileType = sourcecode.c.objc; path = UIWebViewInterceptController.m; sourceTree = "<group>"; };
		06B02E992133CBB20024177C /* UIWebViewJavaScriptCoreController.h */ = {isa = PBXFileReference; fileEncoding = 4; lastKnownFileType = sourcecode.c.h; path = UIWebViewJavaScriptCoreController.h; sourceTree = "<group>"; };
		06B02E9A2133CBB20024177C /* UIWebViewJavaScriptCoreController.m */ = {isa = PBXFileReference; fileEncoding = 4; lastKnownFileType = sourcecode.c.objc; path = UIWebViewJavaScriptCoreController.m; sourceTree = "<group>"; };
		06B02E9C2133CBC70024177C /* WKWebViewInterceptController.h */ = {isa = PBXFileReference; lastKnownFileType = sourcecode.c.h; path = WKWebViewInterceptController.h; sourceTree = "<group>"; };
		06B02E9D2133CBC70024177C /* WKWebViewInterceptController.m */ = {isa = PBXFileReference; lastKnownFileType = sourcecode.c.objc; path = WKWebViewInterceptController.m; sourceTree = "<group>"; };
		06D17019211EBC4B00220522 /* QiWebViewUsing.app */ = {isa = PBXFileReference; explicitFileType = wrapper.application; includeInIndex = 0; path = QiWebViewUsing.app; sourceTree = BUILT_PRODUCTS_DIR; };
		06D1701C211EBC4B00220522 /* AppDelegate.h */ = {isa = PBXFileReference; lastKnownFileType = sourcecode.c.h; path = AppDelegate.h; sourceTree = "<group>"; };
		06D1701D211EBC4B00220522 /* AppDelegate.m */ = {isa = PBXFileReference; lastKnownFileType = sourcecode.c.objc; path = AppDelegate.m; sourceTree = "<group>"; };
		06D1701F211EBC4B00220522 /* ViewController.h */ = {isa = PBXFileReference; lastKnownFileType = sourcecode.c.h; path = ViewController.h; sourceTree = "<group>"; };
		06D17020211EBC4B00220522 /* ViewController.m */ = {isa = PBXFileReference; lastKnownFileType = sourcecode.c.objc; path = ViewController.m; sourceTree = "<group>"; };
		06D17025211EBC4D00220522 /* Assets.xcassets */ = {isa = PBXFileReference; lastKnownFileType = folder.assetcatalog; path = Assets.xcassets; sourceTree = "<group>"; };
		06D1702A211EBC4D00220522 /* Info.plist */ = {isa = PBXFileReference; lastKnownFileType = text.plist.xml; path = Info.plist; sourceTree = "<group>"; };
		06D1702B211EBC4D00220522 /* main.m */ = {isa = PBXFileReference; lastKnownFileType = sourcecode.c.objc; path = main.m; sourceTree = "<group>"; };
/* End PBXFileReference section */

/* Begin PBXFrameworksBuildPhase section */
		06D17016211EBC4B00220522 /* Frameworks */ = {
			isa = PBXFrameworksBuildPhase;
			buildActionMask = 2147483647;
			files = (
			);
			runOnlyForDeploymentPostprocessing = 0;
		};
/* End PBXFrameworksBuildPhase section */

/* Begin PBXGroup section */
		0618C1F124BC5B09009FA00C /* WKWebView-JavaScriptBridge */ = {
			isa = PBXGroup;
			children = (
				0618C1F524BC5C9C009FA00C /* WebViewJavascriptBridge */,
				0618C1F224BC5B64009FA00C /* WKWebViewJavaScriptBridgeController.h */,
				0618C1F324BC5B64009FA00C /* WKWebViewJavaScriptBridgeController.m */,
				0618C1FF24BC5DF1009FA00C /* WKWebView-JavascriptBridge.html */,
			);
			path = "WKWebView-JavaScriptBridge";
			sourceTree = "<group>";
		};
		0618C1F524BC5C9C009FA00C /* WebViewJavascriptBridge */ = {
			isa = PBXGroup;
			children = (
				0618C1F824BC5CE1009FA00C /* WebViewJavascriptBridge_JS.h */,
				0618C1FA24BC5CE1009FA00C /* WebViewJavascriptBridge_JS.m */,
				0618C1F924BC5CE1009FA00C /* WebViewJavascriptBridgeBase.h */,
				0618C1F624BC5CE1009FA00C /* WebViewJavascriptBridgeBase.m */,
				0618C1FB24BC5CE1009FA00C /* WKWebViewJavascriptBridge.h */,
				0618C1F724BC5CE1009FA00C /* WKWebViewJavascriptBridge.m */,
			);
			path = WebViewJavascriptBridge;
			sourceTree = "<group>";
		};
		06B02E8F2133CA830024177C /* UIWebView-Intercept */ = {
			isa = PBXGroup;
			children = (
				06B02E932133CB630024177C /* UIWebViewInterceptController.h */,
				06B02E942133CB630024177C /* UIWebViewInterceptController.m */,
				0689FAEE2134FD1E0049BFA5 /* UIWebView-Intercept.html */,
			);
			path = "UIWebView-Intercept";
			sourceTree = "<group>";
		};
		06B02E902133CA930024177C /* UIWebView-JavaScriptCore */ = {
			isa = PBXGroup;
			children = (
				06B02E992133CBB20024177C /* UIWebViewJavaScriptCoreController.h */,
				06B02E9A2133CBB20024177C /* UIWebViewJavaScriptCoreController.m */,
				0689FAF22135597C0049BFA5 /* UIWebView-JavaScriptCore.html */,
				0689FAF7213584550049BFA5 /* UIWebViewJSExportController.h */,
				0689FAF8213584550049BFA5 /* UIWebViewJSExportController.m */,
				0689FAFA2135862F0049BFA5 /* UIWebView-JSExport.html */,
			);
			path = "UIWebView-JavaScriptCore";
			sourceTree = "<group>";
		};
		06B02E912133CA9F0024177C /* WKWebView-Intercept */ = {
			isa = PBXGroup;
			children = (
				06B02E9C2133CBC70024177C /* WKWebViewInterceptController.h */,
				06B02E9D2133CBC70024177C /* WKWebViewInterceptController.m */,
				0601D2A0213685C0001FEA0B /* WKWebView-Intercept.html */,
			);
			path = "WKWebView-Intercept";
			sourceTree = "<group>";
		};
		06B02E922133CAEB0024177C /* WKWebView-MessageHandler */ = {
			isa = PBXGroup;
			children = (
				0601D2A221369264001FEA0B /* WKWebViewWKScriptMessageHandlerController.h */,
				0601D2A321369264001FEA0B /* WKWebViewWKScriptMessageHandlerController.m */,
				0601D2A821369DBC001FEA0B /* WKWebView-WKScriptMessageHandler.html */,
				0601D2A5213692B9001FEA0B /* WKWebViewWKUIDelegateController.h */,
				0601D2A6213692B9001FEA0B /* WKWebViewWKUIDelegateController.m */,
				0601D2A921369DBC001FEA0B /* WKWebView-WKUIDelegate.html */,
			);
			path = "WKWebView-MessageHandler";
			sourceTree = "<group>";
		};
		06D17010211EBC4B00220522 = {
			isa = PBXGroup;
			children = (
				06D1701B211EBC4B00220522 /* QiWebViewUsing */,
				06D1701A211EBC4B00220522 /* Products */,
			);
			sourceTree = "<group>";
		};
		06D1701A211EBC4B00220522 /* Products */ = {
			isa = PBXGroup;
			children = (
				06D17019211EBC4B00220522 /* QiWebViewUsing.app */,
			);
			name = Products;
			sourceTree = "<group>";
		};
		06D1701B211EBC4B00220522 /* QiWebViewUsing */ = {
			isa = PBXGroup;
			children = (
				06D1701C211EBC4B00220522 /* AppDelegate.h */,
				06D1701D211EBC4B00220522 /* AppDelegate.m */,
				06D1701F211EBC4B00220522 /* ViewController.h */,
				06D17020211EBC4B00220522 /* ViewController.m */,
				06B02E8F2133CA830024177C /* UIWebView-Intercept */,
				06B02E902133CA930024177C /* UIWebView-JavaScriptCore */,
				06B02E912133CA9F0024177C /* WKWebView-Intercept */,
				06B02E922133CAEB0024177C /* WKWebView-MessageHandler */,
				0618C1F124BC5B09009FA00C /* WKWebView-JavaScriptBridge */,
				06D17025211EBC4D00220522 /* Assets.xcassets */,
				06D1702A211EBC4D00220522 /* Info.plist */,
				06D1702B211EBC4D00220522 /* main.m */,
			);
			path = QiWebViewUsing;
			sourceTree = "<group>";
		};
/* End PBXGroup section */

/* Begin PBXNativeTarget section */
		06D17018211EBC4B00220522 /* QiWebViewUsing */ = {
			isa = PBXNativeTarget;
			buildConfigurationList = 06D1702F211EBC4D00220522 /* Build configuration list for PBXNativeTarget "QiWebViewUsing" */;
			buildPhases = (
				06D17015211EBC4B00220522 /* Sources */,
				06D17016211EBC4B00220522 /* Frameworks */,
				06D17017211EBC4B00220522 /* Resources */,
			);
			buildRules = (
			);
			dependencies = (
			);
			name = QiWebViewUsing;
			productName = QiWebViewUsing;
			productReference = 06D17019211EBC4B00220522 /* QiWebViewUsing.app */;
			productType = "com.apple.product-type.application";
		};
/* End PBXNativeTarget section */

/* Begin PBXProject section */
		06D17011211EBC4B00220522 /* Project object */ = {
			isa = PBXProject;
			attributes = {
				LastUpgradeCheck = 0940;
				ORGANIZATIONNAME = "Xs·H";
				TargetAttributes = {
					06D17018211EBC4B00220522 = {
						CreatedOnToolsVersion = 9.4.1;
					};
				};
			};
			buildConfigurationList = 06D17014211EBC4B00220522 /* Build configuration list for PBXProject "QiWebViewUsing" */;
			compatibilityVersion = "Xcode 9.3";
			developmentRegion = en;
			hasScannedForEncodings = 0;
			knownRegions = (
				en,
				Base,
			);
			mainGroup = 06D17010211EBC4B00220522;
			productRefGroup = 06D1701A211EBC4B00220522 /* Products */;
			projectDirPath = "";
			projectRoot = "";
			targets = (
				06D17018211EBC4B00220522 /* QiWebViewUsing */,
			);
		};
/* End PBXProject section */

/* Begin PBXResourcesBuildPhase section */
		06D17017211EBC4B00220522 /* Resources */ = {
			isa = PBXResourcesBuildPhase;
			buildActionMask = 2147483647;
			files = (
				0689FAF32135597C0049BFA5 /* UIWebView-JavaScriptCore.html in Resources */,
				0601D2AA21369DBC001FEA0B /* WKWebView-WKScriptMessageHandler.html in Resources */,
				0689FAEF2134FD1E0049BFA5 /* UIWebView-Intercept.html in Resources */,
				0601D2A1213685C0001FEA0B /* WKWebView-Intercept.html in Resources */,
				06D17026211EBC4D00220522 /* Assets.xcassets in Resources */,
				0689FAFB2135862F0049BFA5 /* UIWebView-JSExport.html in Resources */,
				0618C20024BC5DF1009FA00C /* WKWebView-JavascriptBridge.html in Resources */,
				0601D2AB21369DBC001FEA0B /* WKWebView-WKUIDelegate.html in Resources */,
			);
			runOnlyForDeploymentPostprocessing = 0;
		};
/* End PBXResourcesBuildPhase section */

/* Begin PBXSourcesBuildPhase section */
		06D17015211EBC4B00220522 /* Sources */ = {
			isa = PBXSourcesBuildPhase;
			buildActionMask = 2147483647;
			files = (
				0601D2A7213692B9001FEA0B /* WKWebViewWKUIDelegateController.m in Sources */,
				06D17021211EBC4B00220522 /* ViewController.m in Sources */,
				06B02E952133CB630024177C /* UIWebViewInterceptController.m in Sources */,
				0689FAF9213584550049BFA5 /* UIWebViewJSExportController.m in Sources */,
				0618C1FE24BC5CE1009FA00C /* WebViewJavascriptBridge_JS.m in Sources */,
				0601D2A421369264001FEA0B /* WKWebViewWKScriptMessageHandlerController.m in Sources */,
				0618C1FD24BC5CE1009FA00C /* WKWebViewJavascriptBridge.m in Sources */,
				0618C1FC24BC5CE1009FA00C /* WebViewJavascriptBridgeBase.m in Sources */,
				06D1702C211EBC4D00220522 /* main.m in Sources */,
				06D1701E211EBC4B00220522 /* AppDelegate.m in Sources */,
				0618C1F424BC5B64009FA00C /* WKWebViewJavaScriptBridgeController.m in Sources */,
				06B02E9E2133CBC70024177C /* WKWebViewInterceptController.m in Sources */,
				06B02E9B2133CBB20024177C /* UIWebViewJavaScriptCoreController.m in Sources */,
			);
			runOnlyForDeploymentPostprocessing = 0;
		};
/* End PBXSourcesBuildPhase section */

/* Begin XCBuildConfiguration section */
		06D1702D211EBC4D00220522 /* Debug */ = {
			isa = XCBuildConfiguration;
			buildSettings = {
				ALWAYS_SEARCH_USER_PATHS = NO;
				CLANG_ANALYZER_NONNULL = YES;
				CLANG_ANALYZER_NUMBER_OBJECT_CONVERSION = YES_AGGRESSIVE;
				CLANG_CXX_LANGUAGE_STANDARD = "gnu++14";
				CLANG_CXX_LIBRARY = "libc++";
				CLANG_ENABLE_MODULES = YES;
				CLANG_ENABLE_OBJC_ARC = YES;
				CLANG_ENABLE_OBJC_WEAK = YES;
				CLANG_WARN_BLOCK_CAPTURE_AUTORELEASING = YES;
				CLANG_WARN_BOOL_CONVERSION = YES;
				CLANG_WARN_COMMA = YES;
				CLANG_WARN_CONSTANT_CONVERSION = YES;
				CLANG_WARN_DEPRECATED_OBJC_IMPLEMENTATIONS = YES;
				CLANG_WARN_DIRECT_OBJC_ISA_USAGE = YES_ERROR;
				CLANG_WARN_DOCUMENTATION_COMMENTS = YES;
				CLANG_WARN_EMPTY_BODY = YES;
				CLANG_WARN_ENUM_CONVERSION = YES;
				CLANG_WARN_INFINITE_RECURSION = YES;
				CLANG_WARN_INT_CONVERSION = YES;
				CLANG_WARN_NON_LITERAL_NULL_CONVERSION = YES;
				CLANG_WARN_OBJC_IMPLICIT_RETAIN_SELF = YES;
				CLANG_WARN_OBJC_LITERAL_CONVERSION = YES;
				CLANG_WARN_OBJC_ROOT_CLASS = YES_ERROR;
				CLANG_WARN_RANGE_LOOP_ANALYSIS = YES;
				CLANG_WARN_STRICT_PROTOTYPES = YES;
				CLANG_WARN_SUSPICIOUS_MOVE = YES;
				CLANG_WARN_UNGUARDED_AVAILABILITY = YES_AGGRESSIVE;
				CLANG_WARN_UNREACHABLE_CODE = YES;
				CLANG_WARN__DUPLICATE_METHOD_MATCH = YES;
				CODE_SIGN_IDENTITY = "iPhone Developer";
				COPY_PHASE_STRIP = NO;
				DEBUG_INFORMATION_FORMAT = dwarf;
				ENABLE_STRICT_OBJC_MSGSEND = YES;
				ENABLE_TESTABILITY = YES;
				GCC_C_LANGUAGE_STANDARD = gnu11;
				GCC_DYNAMIC_NO_PIC = NO;
				GCC_NO_COMMON_BLOCKS = YES;
				GCC_OPTIMIZATION_LEVEL = 0;
				GCC_PREPROCESSOR_DEFINITIONS = (
					"DEBUG=1",
					"$(inherited)",
				);
				GCC_WARN_64_TO_32_BIT_CONVERSION = YES;
				GCC_WARN_ABOUT_RETURN_TYPE = YES_ERROR;
				GCC_WARN_UNDECLARED_SELECTOR = YES;
				GCC_WARN_UNINITIALIZED_AUTOS = YES_AGGRESSIVE;
				GCC_WARN_UNUSED_FUNCTION = YES;
				GCC_WARN_UNUSED_VARIABLE = YES;
				IPHONEOS_DEPLOYMENT_TARGET = 11.4;
				MTL_ENABLE_DEBUG_INFO = YES;
				ONLY_ACTIVE_ARCH = YES;
				SDKROOT = iphoneos;
			};
			name = Debug;
		};
		06D1702E211EBC4D00220522 /* Release */ = {
			isa = XCBuildConfiguration;
			buildSettings = {
				ALWAYS_SEARCH_USER_PATHS = NO;
				CLANG_ANALYZER_NONNULL = YES;
				CLANG_ANALYZER_NUMBER_OBJECT_CONVERSION = YES_AGGRESSIVE;
				CLANG_CXX_LANGUAGE_STANDARD = "gnu++14";
				CLANG_CXX_LIBRARY = "libc++";
				CLANG_ENABLE_MODULES = YES;
				CLANG_ENABLE_OBJC_ARC = YES;
				CLANG_ENABLE_OBJC_WEAK = YES;
				CLANG_WARN_BLOCK_CAPTURE_AUTORELEASING = YES;
				CLANG_WARN_BOOL_CONVERSION = YES;
				CLANG_WARN_COMMA = YES;
				CLANG_WARN_CONSTANT_CONVERSION = YES;
				CLANG_WARN_DEPRECATED_OBJC_IMPLEMENTATIONS = YES;
				CLANG_WARN_DIRECT_OBJC_ISA_USAGE = YES_ERROR;
				CLANG_WARN_DOCUMENTATION_COMMENTS = YES;
				CLANG_WARN_EMPTY_BODY = YES;
				CLANG_WARN_ENUM_CONVERSION = YES;
				CLANG_WARN_INFINITE_RECURSION = YES;
				CLANG_WARN_INT_CONVERSION = YES;
				CLANG_WARN_NON_LITERAL_NULL_CONVERSION = YES;
				CLANG_WARN_OBJC_IMPLICIT_RETAIN_SELF = YES;
				CLANG_WARN_OBJC_LITERAL_CONVERSION = YES;
				CLANG_WARN_OBJC_ROOT_CLASS = YES_ERROR;
				CLANG_WARN_RANGE_LOOP_ANALYSIS = YES;
				CLANG_WARN_STRICT_PROTOTYPES = YES;
				CLANG_WARN_SUSPICIOUS_MOVE = YES;
				CLANG_WARN_UNGUARDED_AVAILABILITY = YES_AGGRESSIVE;
				CLANG_WARN_UNREACHABLE_CODE = YES;
				CLANG_WARN__DUPLICATE_METHOD_MATCH = YES;
				CODE_SIGN_IDENTITY = "iPhone Developer";
				COPY_PHASE_STRIP = NO;
				DEBUG_INFORMATION_FORMAT = "dwarf-with-dsym";
				ENABLE_NS_ASSERTIONS = NO;
				ENABLE_STRICT_OBJC_MSGSEND = YES;
				GCC_C_LANGUAGE_STANDARD = gnu11;
				GCC_NO_COMMON_BLOCKS = YES;
				GCC_WARN_64_TO_32_BIT_CONVERSION = YES;
				GCC_WARN_ABOUT_RETURN_TYPE = YES_ERROR;
				GCC_WARN_UNDECLARED_SELECTOR = YES;
				GCC_WARN_UNINITIALIZED_AUTOS = YES_AGGRESSIVE;
				GCC_WARN_UNUSED_FUNCTION = YES;
				GCC_WARN_UNUSED_VARIABLE = YES;
				IPHONEOS_DEPLOYMENT_TARGET = 11.4;
				MTL_ENABLE_DEBUG_INFO = NO;
				SDKROOT = iphoneos;
				VALIDATE_PRODUCT = YES;
			};
			name = Release;
		};
		06D17030211EBC4D00220522 /* Debug */ = {
			isa = XCBuildConfiguration;
			buildSettings = {
				ASSETCATALOG_COMPILER_APPICON_NAME = AppIcon;
				CODE_SIGN_STYLE = Automatic;
				DEVELOPMENT_TEAM = 8ZX24TX624;
				INFOPLIST_FILE = QiWebViewUsing/Info.plist;
				LD_RUNPATH_SEARCH_PATHS = (
					"$(inherited)",
					"@executable_path/Frameworks",
				);
				PRODUCT_BUNDLE_IDENTIFIER = com.qishare.ios.hxs;
				PRODUCT_NAME = "$(TARGET_NAME)";
				TARGETED_DEVICE_FAMILY = "1,2";
			};
			name = Debug;
		};
		06D17031211EBC4D00220522 /* Release */ = {
			isa = XCBuildConfiguration;
			buildSettings = {
				ASSETCATALOG_COMPILER_APPICON_NAME = AppIcon;
				CODE_SIGN_STYLE = Automatic;
				DEVELOPMENT_TEAM = 8ZX24TX624;
				INFOPLIST_FILE = QiWebViewUsing/Info.plist;
				LD_RUNPATH_SEARCH_PATHS = (
					"$(inherited)",
					"@executable_path/Frameworks",
				);
				PRODUCT_BUNDLE_IDENTIFIER = com.qishare.ios.hxs;
				PRODUCT_NAME = "$(TARGET_NAME)";
				TARGETED_DEVICE_FAMILY = "1,2";
			};
			name = Release;
		};
/* End XCBuildConfiguration section */

/* Begin XCConfigurationList section */
		06D17014211EBC4B00220522 /* Build configuration list for PBXProject "QiWebViewUsing" */ = {
			isa = XCConfigurationList;
			buildConfigurations = (
				06D1702D211EBC4D00220522 /* Debug */,
				06D1702E211EBC4D00220522 /* Release */,
			);
			defaultConfigurationIsVisible = 0;
			defaultConfigurationName = Release;
		};
		06D1702F211EBC4D00220522 /* Build configuration list for PBXNativeTarget "QiWebViewUsing" */ = {
			isa = XCConfigurationList;
			buildConfigurations = (
				06D17030211EBC4D00220522 /* Debug */,
				06D17031211EBC4D00220522 /* Release */,
			);
			defaultConfigurationIsVisible = 0;
			defaultConfigurationName = Release;
		};
/* End XCConfigurationList section */
	};
	rootObject = 06D17011211EBC4B00220522 /* Project object */;
}
